
Microsoft Visual Studio Solution File, Format Version 12.00
# Visual Studio Version 16
VisualStudioVersion = 16.0.31313.79
MinimumVisualStudioVersion = 10.0.40219.1
Project("{FAE04EC0-301F-11D3-BF4B-00C04F79EFBC}") = "Pilkarze", "Pilkarze\Pilkarze.csproj", "{A90B896D-7354-45B6-BA89-CC6887F267DD}"
EndProject
Global
	GlobalSection(SolutionConfigurationPlatforms) = preSolution
		Debug|Any CPU = Debug|Any CPU
		Release|Any CPU = Release|Any CPU
	EndGlobalSection
	GlobalSection(ProjectConfigurationPlatforms) = postSolution
		{A90B896D-7354-45B6-BA89-CC6887F267DD}.Debug|Any CPU.ActiveCfg = Debug|Any CPU
		{A90B896D-7354-45B6-BA89-CC6887F267DD}.Debug|Any CPU.Build.0 = Debug|Any CPU
		{A90B896D-7354-45B6-BA89-CC6887F267DD}.Release|Any CPU.ActiveCfg = Release|Any CPU
		{A90B896D-7354-45B6-BA89-CC6887F267DD}.Release|Any CPU.Build.0 = Release|Any CPU
	EndGlobalSection
	GlobalSection(SolutionProperties) = preSolution
		HideSolutionNode = FALSE
	EndGlobalSection
	GlobalSection(ExtensibilityGlobals) = postSolution
		SolutionGuid = {5091F5EE-F8B9-4BC4-9D28-F5EF3BD69083}
	EndGlobalSection
EndGlobal
